
Microsoft Visual Studio Solution File, Format Version 12.00
# Visual Studio Version 16
VisualStudioVersion = 16.0.32802.440
MinimumVisualStudioVersion = 10.0.40219.1
Project("{FAE04EC0-301F-11D3-BF4B-00C04F79EFBC}") = "MAGarackiralama", "MAGarackiralama.csproj", "{367D1DC7-A461-48B6-B15E-17463432E5DB}"
EndProject
Global
	GlobalSection(SolutionConfigurationPlatforms) = preSolution
		Debug|Any CPU = Debug|Any CPU
		Release|Any CPU = Release|Any CPU
	EndGlobalSection
	GlobalSection(ProjectConfigurationPlatforms) = postSolution
		{367D1DC7-A461-48B6-B15E-17463432E5DB}.Debug|Any CPU.ActiveCfg = Debug|Any CPU
		{367D1DC7-A461-48B6-B15E-17463432E5DB}.Debug|Any CPU.Build.0 = Debug|Any CPU
		{367D1DC7-A461-48B6-B15E-17463432E5DB}.Release|Any CPU.ActiveCfg = Release|Any CPU
		{367D1DC7-A461-48B6-B15E-17463432E5DB}.Release|Any CPU.Build.0 = Release|Any CPU
	EndGlobalSection
	GlobalSection(SolutionProperties) = preSolution
		HideSolutionNode = FALSE
	EndGlobalSection
	GlobalSection(ExtensibilityGlobals) = postSolution
		SolutionGuid = {8171E659-3412-4F3B-BEA0-AADB147E85A3}
	EndGlobalSection
EndGlobal
