
Microsoft Visual Studio Solution File, Format Version 12.00
# Visual Studio Version 16
VisualStudioVersion = 16.0.32802.440
MinimumVisualStudioVersion = 10.0.40219.1
Project("{FAE04EC0-301F-11D3-BF4B-00C04F79EFBC}") = "proje", "proje.csproj", "{DC045904-546C-4D3A-B922-7D3EE33BD9B2}"
EndProject
Global
	GlobalSection(SolutionConfigurationPlatforms) = preSolution
		Debug|Any CPU = Debug|Any CPU
		Release|Any CPU = Release|Any CPU
	EndGlobalSection
	GlobalSection(ProjectConfigurationPlatforms) = postSolution
		{DC045904-546C-4D3A-B922-7D3EE33BD9B2}.Debug|Any CPU.ActiveCfg = Debug|Any CPU
		{DC045904-546C-4D3A-B922-7D3EE33BD9B2}.Debug|Any CPU.Build.0 = Debug|Any CPU
		{DC045904-546C-4D3A-B922-7D3EE33BD9B2}.Release|Any CPU.ActiveCfg = Release|Any CPU
		{DC045904-546C-4D3A-B922-7D3EE33BD9B2}.Release|Any CPU.Build.0 = Release|Any CPU
	EndGlobalSection
	GlobalSection(SolutionProperties) = preSolution
		HideSolutionNode = FALSE
	EndGlobalSection
	GlobalSection(ExtensibilityGlobals) = postSolution
		SolutionGuid = {322E842B-652D-4D71-B882-142887D8204F}
	EndGlobalSection
EndGlobal
